// !$*UTF8*$!
{
	archiveVersion = 1;
	classes = {
	};
	objectVersion = 46;
	objects = {

/* Begin PBXBuildFile section */
		84824A111F73F4B6006F8C8C /* AppDelegate.swift in Sources */ = {isa = PBXBuildFile; fileRef = 84824A101F73F4B6006F8C8C /* AppDelegate.swift */; };
		84824A131F73F4B6006F8C8C /* ViewController.swift in Sources */ = {isa = PBXBuildFile; fileRef = 84824A121F73F4B6006F8C8C /* ViewController.swift */; };
		84824A161F73F4B6006F8C8C /* Main.storyboard in Resources */ = {isa = PBXBuildFile; fileRef = 84824A141F73F4B6006F8C8C /* Main.storyboard */; };
		84824A181F73F4B6006F8C8C /* Assets.xcassets in Resources */ = {isa = PBXBuildFile; fileRef = 84824A171F73F4B6006F8C8C /* Assets.xcassets */; };
		84824A1B1F73F4B6006F8C8C /* LaunchScreen.storyboard in Resources */ = {isa = PBXBuildFile; fileRef = 84824A191F73F4B6006F8C8C /* LaunchScreen.storyboard */; };
		84824A2D1F742B57006F8C8C /* BaseViewController.swift in Sources */ = {isa = PBXBuildFile; fileRef = 84824A2C1F742B57006F8C8C /* BaseViewController.swift */; };
		84824A491F744249006F8C8C /* Form1TableViewController.swift in Sources */ = {isa = PBXBuildFile; fileRef = 84824A3B1F744249006F8C8C /* Form1TableViewController.swift */; };
		84824A4A1F744249006F8C8C /* Form1ViewController.swift in Sources */ = {isa = PBXBuildFile; fileRef = 84824A3C1F744249006F8C8C /* Form1ViewController.swift */; };
		84824A4B1F744249006F8C8C /* Form2Model.swift in Sources */ = {isa = PBXBuildFile; fileRef = 84824A3E1F744249006F8C8C /* Form2Model.swift */; };
		84824A4C1F744249006F8C8C /* Form2TableViewCell.swift in Sources */ = {isa = PBXBuildFile; fileRef = 84824A3F1F744249006F8C8C /* Form2TableViewCell.swift */; };
		84824A4D1F744249006F8C8C /* Form2TableViewController.swift in Sources */ = {isa = PBXBuildFile; fileRef = 84824A401F744249006F8C8C /* Form2TableViewController.swift */; };
		84824A4E1F744249006F8C8C /* Form2ViewController.swift in Sources */ = {isa = PBXBuildFile; fileRef = 84824A411F744249006F8C8C /* Form2ViewController.swift */; };
		84824A4F1F744249006F8C8C /* Form3TableViewController.swift in Sources */ = {isa = PBXBuildFile; fileRef = 84824A431F744249006F8C8C /* Form3TableViewController.swift */; };
		84824A501F744249006F8C8C /* Form3ViewController.swift in Sources */ = {isa = PBXBuildFile; fileRef = 84824A441F744249006F8C8C /* Form3ViewController.swift */; };
		84824A511F744249006F8C8C /* FeedbackModel.swift in Sources */ = {isa = PBXBuildFile; fileRef = 84824A461F744249006F8C8C /* FeedbackModel.swift */; };
		84824A521F744249006F8C8C /* OfflineTableViewCell.swift in Sources */ = {isa = PBXBuildFile; fileRef = 84824A471F744249006F8C8C /* OfflineTableViewCell.swift */; };
		84824A531F744249006F8C8C /* OfflineTableViewController.swift in Sources */ = {isa = PBXBuildFile; fileRef = 84824A481F744249006F8C8C /* OfflineTableViewController.swift */; };
/* End PBXBuildFile section */

/* Begin PBXFileReference section */
		84824A0D1F73F4B6006F8C8C /* MobikwikFeedback.app */ = {isa = PBXFileReference; explicitFileType = wrapper.application; includeInIndex = 0; path = MobikwikFeedback.app; sourceTree = BUILT_PRODUCTS_DIR; };
		84824A101F73F4B6006F8C8C /* AppDelegate.swift */ = {isa = PBXFileReference; lastKnownFileType = sourcecode.swift; path = AppDelegate.swift; sourceTree = "<group>"; };
		84824A121F73F4B6006F8C8C /* ViewController.swift */ = {isa = PBXFileReference; lastKnownFileType = sourcecode.swift; path = ViewController.swift; sourceTree = "<group>"; };
		84824A151F73F4B6006F8C8C /* Base */ = {isa = PBXFileReference; lastKnownFileType = file.storyboard; name = Base; path = Base.lproj/Main.storyboard; sourceTree = "<group>"; };
		84824A171F73F4B6006F8C8C /* Assets.xcassets */ = {isa = PBXFileReference; lastKnownFileType = folder.assetcatalog; path = Assets.xcassets; sourceTree = "<group>"; };
		84824A1A1F73F4B6006F8C8C /* Base */ = {isa = PBXFileReference; lastKnownFileType = file.storyboard; name = Base; path = Base.lproj/LaunchScreen.storyboard; sourceTree = "<group>"; };
		84824A1C1F73F4B6006F8C8C /* Info.plist */ = {isa = PBXFileReference; lastKnownFileType = text.plist.xml; path = Info.plist; sourceTree = "<group>"; };
		84824A2C1F742B57006F8C8C /* BaseViewController.swift */ = {isa = PBXFileReference; fileEncoding = 4; lastKnownFileType = sourcecode.swift; path = BaseViewController.swift; sourceTree = "<group>"; };
		84824A3B1F744249006F8C8C /* Form1TableViewController.swift */ = {isa = PBXFileReference; fileEncoding = 4; lastKnownFileType = sourcecode.swift; path = Form1TableViewController.swift; sourceTree = "<group>"; };
		84824A3C1F744249006F8C8C /* Form1ViewController.swift */ = {isa = PBXFileReference; fileEncoding = 4; lastKnownFileType = sourcecode.swift; path = Form1ViewController.swift; sourceTree = "<group>"; };
		84824A3E1F744249006F8C8C /* Form2Model.swift */ = {isa = PBXFileReference; fileEncoding = 4; lastKnownFileType = sourcecode.swift; path = Form2Model.swift; sourceTree = "<group>"; };
		84824A3F1F744249006F8C8C /* Form2TableViewCell.swift */ = {isa = PBXFileReference; fileEncoding = 4; lastKnownFileType = sourcecode.swift; path = Form2TableViewCell.swift; sourceTree = "<group>"; };
		84824A401F744249006F8C8C /* Form2TableViewController.swift */ = {isa = PBXFileReference; fileEncoding = 4; lastKnownFileType = sourcecode.swift; path = Form2TableViewController.swift; sourceTree = "<group>"; };
		84824A411F744249006F8C8C /* Form2ViewController.swift */ = {isa = PBXFileReference; fileEncoding = 4; lastKnownFileType = sourcecode.swift; path = Form2ViewController.swift; sourceTree = "<group>"; };
		84824A431F744249006F8C8C /* Form3TableViewController.swift */ = {isa = PBXFileReference; fileEncoding = 4; lastKnownFileType = sourcecode.swift; path = Form3TableViewController.swift; sourceTree = "<group>"; };
		84824A441F744249006F8C8C /* Form3ViewController.swift */ = {isa = PBXFileReference; fileEncoding = 4; lastKnownFileType = sourcecode.swift; path = Form3ViewController.swift; sourceTree = "<group>"; };
		84824A461F744249006F8C8C /* FeedbackModel.swift */ = {isa = PBXFileReference; fileEncoding = 4; lastKnownFileType = sourcecode.swift; path = FeedbackModel.swift; sourceTree = "<group>"; };
		84824A471F744249006F8C8C /* OfflineTableViewCell.swift */ = {isa = PBXFileReference; fileEncoding = 4; lastKnownFileType = sourcecode.swift; path = OfflineTableViewCell.swift; sourceTree = "<group>"; };
		84824A481F744249006F8C8C /* OfflineTableViewController.swift */ = {isa = PBXFileReference; fileEncoding = 4; lastKnownFileType = sourcecode.swift; path = OfflineTableViewController.swift; sourceTree = "<group>"; };
/* End PBXFileReference section */

/* Begin PBXFrameworksBuildPhase section */
		84824A0A1F73F4B6006F8C8C /* Frameworks */ = {
			isa = PBXFrameworksBuildPhase;
			buildActionMask = 2147483647;
			files = (
			);
			runOnlyForDeploymentPostprocessing = 0;
		};
/* End PBXFrameworksBuildPhase section */

/* Begin PBXGroup section */
		84824A041F73F4B6006F8C8C = {
			isa = PBXGroup;
			children = (
				84824A0F1F73F4B6006F8C8C /* MobikwikFeedback */,
				84824A0E1F73F4B6006F8C8C /* Products */,
			);
			sourceTree = "<group>";
		};
		84824A0E1F73F4B6006F8C8C /* Products */ = {
			isa = PBXGroup;
			children = (
				84824A0D1F73F4B6006F8C8C /* MobikwikFeedback.app */,
			);
			name = Products;
			sourceTree = "<group>";
		};
		84824A0F1F73F4B6006F8C8C /* MobikwikFeedback */ = {
			isa = PBXGroup;
			children = (
				84824A3A1F744249006F8C8C /* Form1 */,
				84824A3D1F744249006F8C8C /* Form2 */,
				84824A421F744249006F8C8C /* Form3 */,
				84824A451F744249006F8C8C /* Offline */,
				84824A2C1F742B57006F8C8C /* BaseViewController.swift */,
				84824A101F73F4B6006F8C8C /* AppDelegate.swift */,
				84824A121F73F4B6006F8C8C /* ViewController.swift */,
				84824A141F73F4B6006F8C8C /* Main.storyboard */,
				84824A171F73F4B6006F8C8C /* Assets.xcassets */,
				84824A191F73F4B6006F8C8C /* LaunchScreen.storyboard */,
				84824A1C1F73F4B6006F8C8C /* Info.plist */,
			);
			path = MobikwikFeedback;
			sourceTree = "<group>";
		};
		84824A3A1F744249006F8C8C /* Form1 */ = {
			isa = PBXGroup;
			children = (
				84824A3B1F744249006F8C8C /* Form1TableViewController.swift */,
				84824A3C1F744249006F8C8C /* Form1ViewController.swift */,
			);
			path = Form1;
			sourceTree = "<group>";
		};
		84824A3D1F744249006F8C8C /* Form2 */ = {
			isa = PBXGroup;
			children = (
				84824A3E1F744249006F8C8C /* Form2Model.swift */,
				84824A3F1F744249006F8C8C /* Form2TableViewCell.swift */,
				84824A401F744249006F8C8C /* Form2TableViewController.swift */,
				84824A411F744249006F8C8C /* Form2ViewController.swift */,
			);
			path = Form2;
			sourceTree = "<group>";
		};
		84824A421F744249006F8C8C /* Form3 */ = {
			isa = PBXGroup;
			children = (
				84824A431F744249006F8C8C /* Form3TableViewController.swift */,
				84824A441F744249006F8C8C /* Form3ViewController.swift */,
			);
			path = Form3;
			sourceTree = "<group>";
		};
		84824A451F744249006F8C8C /* Offline */ = {
			isa = PBXGroup;
			children = (
				84824A461F744249006F8C8C /* FeedbackModel.swift */,
				84824A471F744249006F8C8C /* OfflineTableViewCell.swift */,
				84824A481F744249006F8C8C /* OfflineTableViewController.swift */,
			);
			path = Offline;
			sourceTree = "<group>";
		};
/* End PBXGroup section */

/* Begin PBXNativeTarget section */
		84824A0C1F73F4B6006F8C8C /* MobikwikFeedback */ = {
			isa = PBXNativeTarget;
			buildConfigurationList = 84824A1F1F73F4B6006F8C8C /* Build configuration list for PBXNativeTarget "MobikwikFeedback" */;
			buildPhases = (
				84824A091F73F4B6006F8C8C /* Sources */,
				84824A0A1F73F4B6006F8C8C /* Frameworks */,
				84824A0B1F73F4B6006F8C8C /* Resources */,
			);
			buildRules = (
			);
			dependencies = (
			);
			name = MobikwikFeedback;
			productName = MobikwikFeedback;
			productReference = 84824A0D1F73F4B6006F8C8C /* MobikwikFeedback.app */;
			productType = "com.apple.product-type.application";
		};
/* End PBXNativeTarget section */

/* Begin PBXProject section */
		84824A051F73F4B6006F8C8C /* Project object */ = {
			isa = PBXProject;
			attributes = {
				LastSwiftUpdateCheck = 0830;
				LastUpgradeCheck = 0830;
				ORGANIZATIONNAME = Techximum;
				TargetAttributes = {
					84824A0C1F73F4B6006F8C8C = {
						CreatedOnToolsVersion = 8.3.3;
						ProvisioningStyle = Automatic;
					};
				};
			};
			buildConfigurationList = 84824A081F73F4B6006F8C8C /* Build configuration list for PBXProject "MobikwikFeedback" */;
			compatibilityVersion = "Xcode 3.2";
			developmentRegion = English;
			hasScannedForEncodings = 0;
			knownRegions = (
				en,
				Base,
			);
			mainGroup = 84824A041F73F4B6006F8C8C;
			productRefGroup = 84824A0E1F73F4B6006F8C8C /* Products */;
			projectDirPath = "";
			projectRoot = "";
			targets = (
				84824A0C1F73F4B6006F8C8C /* MobikwikFeedback */,
			);
		};
/* End PBXProject section */

/* Begin PBXResourcesBuildPhase section */
		84824A0B1F73F4B6006F8C8C /* Resources */ = {
			isa = PBXResourcesBuildPhase;
			buildActionMask = 2147483647;
			files = (
				84824A1B1F73F4B6006F8C8C /* LaunchScreen.storyboard in Resources */,
				84824A181F73F4B6006F8C8C /* Assets.xcassets in Resources */,
				84824A161F73F4B6006F8C8C /* Main.storyboard in Resources */,
			);
			runOnlyForDeploymentPostprocessing = 0;
		};
/* End PBXResourcesBuildPhase section */

/* Begin PBXSourcesBuildPhase section */
		84824A091F73F4B6006F8C8C /* Sources */ = {
			isa = PBXSourcesBuildPhase;
			buildActionMask = 2147483647;
			files = (
				84824A511F744249006F8C8C /* FeedbackModel.swift in Sources */,
				84824A4E1F744249006F8C8C /* Form2ViewController.swift in Sources */,
				84824A4C1F744249006F8C8C /* Form2TableViewCell.swift in Sources */,
				84824A4B1F744249006F8C8C /* Form2Model.swift in Sources */,
				84824A131F73F4B6006F8C8C /* ViewController.swift in Sources */,
				84824A491F744249006F8C8C /* Form1TableViewController.swift in Sources */,
				84824A111F73F4B6006F8C8C /* AppDelegate.swift in Sources */,
				84824A4A1F744249006F8C8C /* Form1ViewController.swift in Sources */,
				84824A531F744249006F8C8C /* OfflineTableViewController.swift in Sources */,
				84824A521F744249006F8C8C /* OfflineTableViewCell.swift in Sources */,
				84824A4D1F744249006F8C8C /* Form2TableViewController.swift in Sources */,
				84824A2D1F742B57006F8C8C /* BaseViewController.swift in Sources */,
				84824A501F744249006F8C8C /* Form3ViewController.swift in Sources */,
				84824A4F1F744249006F8C8C /* Form3TableViewController.swift in Sources */,
			);
			runOnlyForDeploymentPostprocessing = 0;
		};
/* End PBXSourcesBuildPhase section */

/* Begin PBXVariantGroup section */
		84824A141F73F4B6006F8C8C /* Main.storyboard */ = {
			isa = PBXVariantGroup;
			children = (
				84824A151F73F4B6006F8C8C /* Base */,
			);
			name = Main.storyboard;
			sourceTree = "<group>";
		};
		84824A191F73F4B6006F8C8C /* LaunchScreen.storyboard */ = {
			isa = PBXVariantGroup;
			children = (
				84824A1A1F73F4B6006F8C8C /* Base */,
			);
			name = LaunchScreen.storyboard;
			sourceTree = "<group>";
		};
/* End PBXVariantGroup section */

/* Begin XCBuildConfiguration section */
		84824A1D1F73F4B6006F8C8C /* Debug */ = {
			isa = XCBuildConfiguration;
			buildSettings = {
				ALWAYS_SEARCH_USER_PATHS = NO;
				CLANG_ANALYZER_NONNULL = YES;
				CLANG_ANALYZER_NUMBER_OBJECT_CONVERSION = YES_AGGRESSIVE;
				CLANG_CXX_LANGUAGE_STANDARD = "gnu++0x";
				CLANG_CXX_LIBRARY = "libc++";
				CLANG_ENABLE_MODULES = YES;
				CLANG_ENABLE_OBJC_ARC = YES;
				CLANG_WARN_BOOL_CONVERSION = YES;
				CLANG_WARN_CONSTANT_CONVERSION = YES;
				CLANG_WARN_DIRECT_OBJC_ISA_USAGE = YES_ERROR;
				CLANG_WARN_DOCUMENTATION_COMMENTS = YES;
				CLANG_WARN_EMPTY_BODY = YES;
				CLANG_WARN_ENUM_CONVERSION = YES;
				CLANG_WARN_INFINITE_RECURSION = YES;
				CLANG_WARN_INT_CONVERSION = YES;
				CLANG_WARN_OBJC_ROOT_CLASS = YES_ERROR;
				CLANG_WARN_SUSPICIOUS_MOVE = YES;
				CLANG_WARN_UNREACHABLE_CODE = YES;
				CLANG_WARN__DUPLICATE_METHOD_MATCH = YES;
				"CODE_SIGN_IDENTITY[sdk=iphoneos*]" = "iPhone Developer";
				COPY_PHASE_STRIP = NO;
				DEBUG_INFORMATION_FORMAT = dwarf;
				ENABLE_STRICT_OBJC_MSGSEND = YES;
				ENABLE_TESTABILITY = YES;
				GCC_C_LANGUAGE_STANDARD = gnu99;
				GCC_DYNAMIC_NO_PIC = NO;
				GCC_NO_COMMON_BLOCKS = YES;
				GCC_OPTIMIZATION_LEVEL = 0;
				GCC_PREPROCESSOR_DEFINITIONS = (
					"DEBUG=1",
					"$(inherited)",
				);
				GCC_WARN_64_TO_32_BIT_CONVERSION = YES;
				GCC_WARN_ABOUT_RETURN_TYPE = YES_ERROR;
				GCC_WARN_UNDECLARED_SELECTOR = YES;
				GCC_WARN_UNINITIALIZED_AUTOS = YES_AGGRESSIVE;
				GCC_WARN_UNUSED_FUNCTION = YES;
				GCC_WARN_UNUSED_VARIABLE = YES;
				IPHONEOS_DEPLOYMENT_TARGET = 10.3;
				MTL_ENABLE_DEBUG_INFO = YES;
				ONLY_ACTIVE_ARCH = YES;
				SDKROOT = iphoneos;
				SWIFT_ACTIVE_COMPILATION_CONDITIONS = DEBUG;
				SWIFT_OPTIMIZATION_LEVEL = "-Onone";
				TARGETED_DEVICE_FAMILY = "1,2";
			};
			name = Debug;
		};
		84824A1E1F73F4B6006F8C8C /* Release */ = {
			isa = XCBuildConfiguration;
			buildSettings = {
				ALWAYS_SEARCH_USER_PATHS = NO;
				CLANG_ANALYZER_NONNULL = YES;
				CLANG_ANALYZER_NUMBER_OBJECT_CONVERSION = YES_AGGRESSIVE;
				CLANG_CXX_LANGUAGE_STANDARD = "gnu++0x";
				CLANG_CXX_LIBRARY = "libc++";
				CLANG_ENABLE_MODULES = YES;
				CLANG_ENABLE_OBJC_ARC = YES;
				CLANG_WARN_BOOL_CONVERSION = YES;
				CLANG_WARN_CONSTANT_CONVERSION = YES;
				CLANG_WARN_DIRECT_OBJC_ISA_USAGE = YES_ERROR;
				CLANG_WARN_DOCUMENTATION_COMMENTS = YES;
				CLANG_WARN_EMPTY_BODY = YES;
				CLANG_WARN_ENUM_CONVERSION = YES;
				CLANG_WARN_INFINITE_RECURSION = YES;
				CLANG_WARN_INT_CONVERSION = YES;
				CLANG_WARN_OBJC_ROOT_CLASS = YES_ERROR;
				CLANG_WARN_SUSPICIOUS_MOVE = YES;
				CLANG_WARN_UNREACHABLE_CODE = YES;
				CLANG_WARN__DUPLICATE_METHOD_MATCH = YES;
				"CODE_SIGN_IDENTITY[sdk=iphoneos*]" = "iPhone Developer";
				COPY_PHASE_STRIP = NO;
				DEBUG_INFORMATION_FORMAT = "dwarf-with-dsym";
				ENABLE_NS_ASSERTIONS = NO;
				ENABLE_STRICT_OBJC_MSGSEND = YES;
				GCC_C_LANGUAGE_STANDARD = gnu99;
				GCC_NO_COMMON_BLOCKS = YES;
				GCC_WARN_64_TO_32_BIT_CONVERSION = YES;
				GCC_WARN_ABOUT_RETURN_TYPE = YES_ERROR;
				GCC_WARN_UNDECLARED_SELECTOR = YES;
				GCC_WARN_UNINITIALIZED_AUTOS = YES_AGGRESSIVE;
				GCC_WARN_UNUSED_FUNCTION = YES;
				GCC_WARN_UNUSED_VARIABLE = YES;
				IPHONEOS_DEPLOYMENT_TARGET = 10.3;
				MTL_ENABLE_DEBUG_INFO = NO;
				SDKROOT = iphoneos;
				SWIFT_OPTIMIZATION_LEVEL = "-Owholemodule";
				TARGETED_DEVICE_FAMILY = "1,2";
				VALIDATE_PRODUCT = YES;
			};
			name = Release;
		};
		84824A201F73F4B6006F8C8C /* Debug */ = {
			isa = XCBuildConfiguration;
			buildSettings = {
				ASSETCATALOG_COMPILER_APPICON_NAME = AppIcon;
				INFOPLIST_FILE = MobikwikFeedback/Info.plist;
				LD_RUNPATH_SEARCH_PATHS = "$(inherited) @executable_path/Frameworks";
				PRODUCT_BUNDLE_IDENTIFIER = com.techximum.MobikwikFeedback;
				PRODUCT_NAME = "$(TARGET_NAME)";
				SWIFT_VERSION = 3.0;
			};
			name = Debug;
		};
		84824A211F73F4B6006F8C8C /* Release */ = {
			isa = XCBuildConfiguration;
			buildSettings = {
				ASSETCATALOG_COMPILER_APPICON_NAME = AppIcon;
				INFOPLIST_FILE = MobikwikFeedback/Info.plist;
				LD_RUNPATH_SEARCH_PATHS = "$(inherited) @executable_path/Frameworks";
				PRODUCT_BUNDLE_IDENTIFIER = com.techximum.MobikwikFeedback;
				PRODUCT_NAME = "$(TARGET_NAME)";
				SWIFT_VERSION = 3.0;
			};
			name = Release;
		};
/* End XCBuildConfiguration section */

/* Begin XCConfigurationList section */
		84824A081F73F4B6006F8C8C /* Build configuration list for PBXProject "MobikwikFeedback" */ = {
			isa = XCConfigurationList;
			buildConfigurations = (
				84824A1D1F73F4B6006F8C8C /* Debug */,
				84824A1E1F73F4B6006F8C8C /* Release */,
			);
			defaultConfigurationIsVisible = 0;
			defaultConfigurationName = Release;
		};
		84824A1F1F73F4B6006F8C8C /* Build configuration list for PBXNativeTarget "MobikwikFeedback" */ = {
			isa = XCConfigurationList;
			buildConfigurations = (
				84824A201F73F4B6006F8C8C /* Debug */,
				84824A211F73F4B6006F8C8C /* Release */,
			);
			defaultConfigurationIsVisible = 0;
			defaultConfigurationName = Release;
		};
/* End XCConfigurationList section */
	};
	rootObject = 84824A051F73F4B6006F8C8C /* Project object */;
}
